
Microsoft Visual Studio Solution File, Format Version 12.00
# Visual Studio Version 17
VisualStudioVersion = 17.4.33205.214
MinimumVisualStudioVersion = 10.0.40219.1
Project("{778DAE3C-4631-46EA-AA77-85C1314464D9}") = "posixPortableFilename", "posixPortableFilename\posixPortableFilename.vbproj", "{69BE9EA4-ACC9-482C-A54F-3B28EACC83AB}"
EndProject
Project("{F184B08F-C81C-45F6-A57F-5ABD9991F28F}") = "ExplContextCmd", "ExplContextCmd\ExplContextCmd.vbproj", "{9B849687-6956-46F6-99DF-FEF303B3A3C0}"
EndProject
Global
	GlobalSection(SolutionConfigurationPlatforms) = preSolution
		Debug|Any CPU = Debug|Any CPU
		Release|Any CPU = Release|Any CPU
	EndGlobalSection
	GlobalSection(ProjectConfigurationPlatforms) = postSolution
		{69BE9EA4-ACC9-482C-A54F-3B28EACC83AB}.Debug|Any CPU.ActiveCfg = Debug|Any CPU
		{69BE9EA4-ACC9-482C-A54F-3B28EACC83AB}.Debug|Any CPU.Build.0 = Debug|Any CPU
		{69BE9EA4-ACC9-482C-A54F-3B28EACC83AB}.Release|Any CPU.ActiveCfg = Release|Any CPU
		{69BE9EA4-ACC9-482C-A54F-3B28EACC83AB}.Release|Any CPU.Build.0 = Release|Any CPU
		{9B849687-6956-46F6-99DF-FEF303B3A3C0}.Debug|Any CPU.ActiveCfg = Debug|Any CPU
		{9B849687-6956-46F6-99DF-FEF303B3A3C0}.Debug|Any CPU.Build.0 = Debug|Any CPU
		{9B849687-6956-46F6-99DF-FEF303B3A3C0}.Release|Any CPU.ActiveCfg = Release|Any CPU
		{9B849687-6956-46F6-99DF-FEF303B3A3C0}.Release|Any CPU.Build.0 = Release|Any CPU
	EndGlobalSection
	GlobalSection(SolutionProperties) = preSolution
		HideSolutionNode = FALSE
	EndGlobalSection
	GlobalSection(ExtensibilityGlobals) = postSolution
		SolutionGuid = {D976E520-B2D1-4831-828D-01BAD6422D81}
	EndGlobalSection
EndGlobal
